
Microsoft Visual Studio Solution File, Format Version 12.00
# Visual Studio 15
VisualStudioVersion = 15.0.27703.2035
MinimumVisualStudioVersion = 10.0.40219.1
Project("{9A19103F-16F7-4668-BE54-9A1E7A4F7556}") = "Events", "Events\Events.csproj", "{2624A166-D9FB-4D06-8336-08F17D40606C}"
EndProject
Project("{9A19103F-16F7-4668-BE54-9A1E7A4F7556}") = "Commands", "Commands\Commands.csproj", "{84E03C3E-0F13-4C8D-B012-600E1BAD7730}"
EndProject
Project("{9A19103F-16F7-4668-BE54-9A1E7A4F7556}") = "Aggregates", "Aggregates\Aggregates.csproj", "{99A81E11-1871-43FA-8E7B-4BF8B8175B33}"
EndProject
Project("{9A19103F-16F7-4668-BE54-9A1E7A4F7556}") = "ReadService", "ReadService\ReadService.csproj", "{5C892C4E-180B-4B84-8FE1-E8A7F9A82783}"
EndProject
Project("{FAE04EC0-301F-11D3-BF4B-00C04F79EFBC}") = "DTO", "DTO\DTO.csproj", "{C888E3A0-00E2-4651-AFE3-035090D01966}"
EndProject
Global
	GlobalSection(SolutionConfigurationPlatforms) = preSolution
		Debug|Any CPU = Debug|Any CPU
		Release|Any CPU = Release|Any CPU
	EndGlobalSection
	GlobalSection(ProjectConfigurationPlatforms) = postSolution
		{2624A166-D9FB-4D06-8336-08F17D40606C}.Debug|Any CPU.ActiveCfg = Debug|Any CPU
		{2624A166-D9FB-4D06-8336-08F17D40606C}.Debug|Any CPU.Build.0 = Debug|Any CPU
		{2624A166-D9FB-4D06-8336-08F17D40606C}.Release|Any CPU.ActiveCfg = Release|Any CPU
		{2624A166-D9FB-4D06-8336-08F17D40606C}.Release|Any CPU.Build.0 = Release|Any CPU
		{84E03C3E-0F13-4C8D-B012-600E1BAD7730}.Debug|Any CPU.ActiveCfg = Debug|Any CPU
		{84E03C3E-0F13-4C8D-B012-600E1BAD7730}.Debug|Any CPU.Build.0 = Debug|Any CPU
		{84E03C3E-0F13-4C8D-B012-600E1BAD7730}.Release|Any CPU.ActiveCfg = Release|Any CPU
		{84E03C3E-0F13-4C8D-B012-600E1BAD7730}.Release|Any CPU.Build.0 = Release|Any CPU
		{99A81E11-1871-43FA-8E7B-4BF8B8175B33}.Debug|Any CPU.ActiveCfg = Debug|Any CPU
		{99A81E11-1871-43FA-8E7B-4BF8B8175B33}.Debug|Any CPU.Build.0 = Debug|Any CPU
		{99A81E11-1871-43FA-8E7B-4BF8B8175B33}.Release|Any CPU.ActiveCfg = Release|Any CPU
		{99A81E11-1871-43FA-8E7B-4BF8B8175B33}.Release|Any CPU.Build.0 = Release|Any CPU
		{5C892C4E-180B-4B84-8FE1-E8A7F9A82783}.Debug|Any CPU.ActiveCfg = Debug|Any CPU
		{5C892C4E-180B-4B84-8FE1-E8A7F9A82783}.Debug|Any CPU.Build.0 = Debug|Any CPU
		{5C892C4E-180B-4B84-8FE1-E8A7F9A82783}.Release|Any CPU.ActiveCfg = Release|Any CPU
		{5C892C4E-180B-4B84-8FE1-E8A7F9A82783}.Release|Any CPU.Build.0 = Release|Any CPU
		{C888E3A0-00E2-4651-AFE3-035090D01966}.Debug|Any CPU.ActiveCfg = Debug|Any CPU
		{C888E3A0-00E2-4651-AFE3-035090D01966}.Debug|Any CPU.Build.0 = Debug|Any CPU
		{C888E3A0-00E2-4651-AFE3-035090D01966}.Release|Any CPU.ActiveCfg = Release|Any CPU
		{C888E3A0-00E2-4651-AFE3-035090D01966}.Release|Any CPU.Build.0 = Release|Any CPU
	EndGlobalSection
	GlobalSection(SolutionProperties) = preSolution
		HideSolutionNode = FALSE
	EndGlobalSection
	GlobalSection(ExtensibilityGlobals) = postSolution
		SolutionGuid = {99BBE6CC-5F04-42B4-9416-5EEAE74ABE36}
	EndGlobalSection
EndGlobal
